// !$*UTF8*$!
{
	archiveVersion = 1;
	classes = {
	};
	objectVersion = 56;
	objects = {

/* Begin PBXBuildFile section */
		AC17DED12A0E31B2004B0DD1 /* MoEngageSegmentConstants.m in Sources */ = {isa = PBXBuildFile; fileRef = AC17DECA2A0E31B1004B0DD1 /* MoEngageSegmentConstants.m */; };
		AC17DED22A0E31B2004B0DD1 /* MoEngageInitializer.m in Sources */ = {isa = PBXBuildFile; fileRef = AC17DECC2A0E31B2004B0DD1 /* MoEngageInitializer.m */; };
		AC17DED32A0E31B2004B0DD1 /* MoESegmentBridge.m in Sources */ = {isa = PBXBuildFile; fileRef = AC17DECE2A0E31B2004B0DD1 /* MoESegmentBridge.m */; };
/* End PBXBuildFile section */

/* Begin PBXCopyFilesBuildPhase section */
		AC17DEBC2A0E3191004B0DD1 /* CopyFiles */ = {
			isa = PBXCopyFilesBuildPhase;
			buildActionMask = 2147483647;
			dstPath = "include/$(PRODUCT_NAME)";
			dstSubfolderSpec = 16;
			files = (
			);
			runOnlyForDeploymentPostprocessing = 0;
		};
/* End PBXCopyFilesBuildPhase section */

/* Begin PBXFileReference section */
		AC17DEBE2A0E3191004B0DD1 /* libMoEngageSegmentReactBridge.a */ = {isa = PBXFileReference; explicitFileType = archive.ar; includeInIndex = 0; path = libMoEngageSegmentReactBridge.a; sourceTree = BUILT_PRODUCTS_DIR; };
		AC17DECA2A0E31B1004B0DD1 /* MoEngageSegmentConstants.m */ = {isa = PBXFileReference; fileEncoding = 4; lastKnownFileType = sourcecode.c.objc; path = MoEngageSegmentConstants.m; sourceTree = "<group>"; };
		AC17DECB2A0E31B2004B0DD1 /* MoEngageReactSegmentPluginInfo.h */ = {isa = PBXFileReference; fileEncoding = 4; lastKnownFileType = sourcecode.c.h; path = MoEngageReactSegmentPluginInfo.h; sourceTree = "<group>"; };
		AC17DECC2A0E31B2004B0DD1 /* MoEngageInitializer.m */ = {isa = PBXFileReference; fileEncoding = 4; lastKnownFileType = sourcecode.c.objc; path = MoEngageInitializer.m; sourceTree = "<group>"; };
		AC17DECD2A0E31B2004B0DD1 /* MoEngageInitializer.h */ = {isa = PBXFileReference; fileEncoding = 4; lastKnownFileType = sourcecode.c.h; path = MoEngageInitializer.h; sourceTree = "<group>"; };
		AC17DECE2A0E31B2004B0DD1 /* MoESegmentBridge.m */ = {isa = PBXFileReference; fileEncoding = 4; lastKnownFileType = sourcecode.c.objc; path = MoESegmentBridge.m; sourceTree = "<group>"; };
		AC17DECF2A0E31B2004B0DD1 /* MoEngageSegmentConstants.h */ = {isa = PBXFileReference; fileEncoding = 4; lastKnownFileType = sourcecode.c.h; path = MoEngageSegmentConstants.h; sourceTree = "<group>"; };
		AC17DED02A0E31B2004B0DD1 /* MoESegmentBridge.h */ = {isa = PBXFileReference; fileEncoding = 4; lastKnownFileType = sourcecode.c.h; path = MoESegmentBridge.h; sourceTree = "<group>"; };
/* End PBXFileReference section */

/* Begin PBXFrameworksBuildPhase section */
		AC17DEBB2A0E3191004B0DD1 /* Frameworks */ = {
			isa = PBXFrameworksBuildPhase;
			buildActionMask = 2147483647;
			files = (
			);
			runOnlyForDeploymentPostprocessing = 0;
		};
/* End PBXFrameworksBuildPhase section */

/* Begin PBXGroup section */
		AC17DEB52A0E3191004B0DD1 = {
			isa = PBXGroup;
			children = (
				AC17DEC02A0E3191004B0DD1 /* MoEngageSegmentReactBridge */,
				AC17DEBF2A0E3191004B0DD1 /* Products */,
			);
			sourceTree = "<group>";
		};
		AC17DEBF2A0E3191004B0DD1 /* Products */ = {
			isa = PBXGroup;
			children = (
				AC17DEBE2A0E3191004B0DD1 /* libMoEngageSegmentReactBridge.a */,
			);
			name = Products;
			sourceTree = "<group>";
		};
		AC17DEC02A0E3191004B0DD1 /* MoEngageSegmentReactBridge */ = {
			isa = PBXGroup;
			children = (
				AC17DECD2A0E31B2004B0DD1 /* MoEngageInitializer.h */,
				AC17DECC2A0E31B2004B0DD1 /* MoEngageInitializer.m */,
				AC17DECB2A0E31B2004B0DD1 /* MoEngageReactSegmentPluginInfo.h */,
				AC17DECF2A0E31B2004B0DD1 /* MoEngageSegmentConstants.h */,
				AC17DECA2A0E31B1004B0DD1 /* MoEngageSegmentConstants.m */,
				AC17DED02A0E31B2004B0DD1 /* MoESegmentBridge.h */,
				AC17DECE2A0E31B2004B0DD1 /* MoESegmentBridge.m */,
			);
			path = MoEngageSegmentReactBridge;
			sourceTree = "<group>";
		};
/* End PBXGroup section */

/* Begin PBXNativeTarget section */
		AC17DEBD2A0E3191004B0DD1 /* MoEngageSegmentReactBridge */ = {
			isa = PBXNativeTarget;
			buildConfigurationList = AC17DEC72A0E3191004B0DD1 /* Build configuration list for PBXNativeTarget "MoEngageSegmentReactBridge" */;
			buildPhases = (
				AC17DEBA2A0E3191004B0DD1 /* Sources */,
				AC17DEBB2A0E3191004B0DD1 /* Frameworks */,
				AC17DEBC2A0E3191004B0DD1 /* CopyFiles */,
			);
			buildRules = (
			);
			dependencies = (
			);
			name = MoEngageSegmentReactBridge;
			productName = MoEngageSegmentReactBridge;
			productReference = AC17DEBE2A0E3191004B0DD1 /* libMoEngageSegmentReactBridge.a */;
			productType = "com.apple.product-type.library.static";
		};
/* End PBXNativeTarget section */

/* Begin PBXProject section */
		AC17DEB62A0E3191004B0DD1 /* Project object */ = {
			isa = PBXProject;
			attributes = {
				BuildIndependentTargetsInParallel = 1;
				LastUpgradeCheck = 1420;
				TargetAttributes = {
					AC17DEBD2A0E3191004B0DD1 = {
						CreatedOnToolsVersion = 14.2;
					};
				};
			};
			buildConfigurationList = AC17DEB92A0E3191004B0DD1 /* Build configuration list for PBXProject "MoEngageSegmentReactBridge" */;
			compatibilityVersion = "Xcode 14.0";
			developmentRegion = en;
			hasScannedForEncodings = 0;
			knownRegions = (
				en,
				Base,
			);
			mainGroup = AC17DEB52A0E3191004B0DD1;
			productRefGroup = AC17DEBF2A0E3191004B0DD1 /* Products */;
			projectDirPath = "";
			projectRoot = "";
			targets = (
				AC17DEBD2A0E3191004B0DD1 /* MoEngageSegmentReactBridge */,
			);
		};
/* End PBXProject section */

/* Begin PBXSourcesBuildPhase section */
		AC17DEBA2A0E3191004B0DD1 /* Sources */ = {
			isa = PBXSourcesBuildPhase;
			buildActionMask = 2147483647;
			files = (
				AC17DED12A0E31B2004B0DD1 /* MoEngageSegmentConstants.m in Sources */,
				AC17DED32A0E31B2004B0DD1 /* MoESegmentBridge.m in Sources */,
				AC17DED22A0E31B2004B0DD1 /* MoEngageInitializer.m in Sources */,
			);
			runOnlyForDeploymentPostprocessing = 0;
		};
/* End PBXSourcesBuildPhase section */

/* Begin XCBuildConfiguration section */
		AC17DEC52A0E3191004B0DD1 /* Debug */ = {
			isa = XCBuildConfiguration;
			buildSettings = {
				ALWAYS_SEARCH_USER_PATHS = NO;
				CLANG_ANALYZER_NONNULL = YES;
				CLANG_ANALYZER_NUMBER_OBJECT_CONVERSION = YES_AGGRESSIVE;
				CLANG_CXX_LANGUAGE_STANDARD = "gnu++20";
				CLANG_ENABLE_MODULES = YES;
				CLANG_ENABLE_OBJC_ARC = YES;
				CLANG_ENABLE_OBJC_WEAK = YES;
				CLANG_WARN_BLOCK_CAPTURE_AUTORELEASING = YES;
				CLANG_WARN_BOOL_CONVERSION = YES;
				CLANG_WARN_COMMA = YES;
				CLANG_WARN_CONSTANT_CONVERSION = YES;
				CLANG_WARN_DEPRECATED_OBJC_IMPLEMENTATIONS = YES;
				CLANG_WARN_DIRECT_OBJC_ISA_USAGE = YES_ERROR;
				CLANG_WARN_DOCUMENTATION_COMMENTS = YES;
				CLANG_WARN_EMPTY_BODY = YES;
				CLANG_WARN_ENUM_CONVERSION = YES;
				CLANG_WARN_INFINITE_RECURSION = YES;
				CLANG_WARN_INT_CONVERSION = YES;
				CLANG_WARN_NON_LITERAL_NULL_CONVERSION = YES;
				CLANG_WARN_OBJC_IMPLICIT_RETAIN_SELF = YES;
				CLANG_WARN_OBJC_LITERAL_CONVERSION = YES;
				CLANG_WARN_OBJC_ROOT_CLASS = YES_ERROR;
				CLANG_WARN_QUOTED_INCLUDE_IN_FRAMEWORK_HEADER = YES;
				CLANG_WARN_RANGE_LOOP_ANALYSIS = YES;
				CLANG_WARN_STRICT_PROTOTYPES = YES;
				CLANG_WARN_SUSPICIOUS_MOVE = YES;
				CLANG_WARN_UNGUARDED_AVAILABILITY = YES_AGGRESSIVE;
				CLANG_WARN_UNREACHABLE_CODE = YES;
				CLANG_WARN__DUPLICATE_METHOD_MATCH = YES;
				COPY_PHASE_STRIP = NO;
				DEBUG_INFORMATION_FORMAT = dwarf;
				ENABLE_STRICT_OBJC_MSGSEND = YES;
				ENABLE_TESTABILITY = YES;
				GCC_C_LANGUAGE_STANDARD = gnu11;
				GCC_DYNAMIC_NO_PIC = NO;
				GCC_NO_COMMON_BLOCKS = YES;
				GCC_OPTIMIZATION_LEVEL = 0;
				GCC_PREPROCESSOR_DEFINITIONS = (
					"DEBUG=1",
					"$(inherited)",
				);
				GCC_WARN_64_TO_32_BIT_CONVERSION = YES;
				GCC_WARN_ABOUT_RETURN_TYPE = YES_ERROR;
				GCC_WARN_UNDECLARED_SELECTOR = YES;
				GCC_WARN_UNINITIALIZED_AUTOS = YES_AGGRESSIVE;
				GCC_WARN_UNUSED_FUNCTION = YES;
				GCC_WARN_UNUSED_VARIABLE = YES;
				IPHONEOS_DEPLOYMENT_TARGET = 16.2;
				MTL_ENABLE_DEBUG_INFO = INCLUDE_SOURCE;
				MTL_FAST_MATH = YES;
				ONLY_ACTIVE_ARCH = YES;
				SDKROOT = iphoneos;
			};
			name = Debug;
		};
		AC17DEC62A0E3191004B0DD1 /* Release */ = {
			isa = XCBuildConfiguration;
			buildSettings = {
				ALWAYS_SEARCH_USER_PATHS = NO;
				CLANG_ANALYZER_NONNULL = YES;
				CLANG_ANALYZER_NUMBER_OBJECT_CONVERSION = YES_AGGRESSIVE;
				CLANG_CXX_LANGUAGE_STANDARD = "gnu++20";
				CLANG_ENABLE_MODULES = YES;
				CLANG_ENABLE_OBJC_ARC = YES;
				CLANG_ENABLE_OBJC_WEAK = YES;
				CLANG_WARN_BLOCK_CAPTURE_AUTORELEASING = YES;
				CLANG_WARN_BOOL_CONVERSION = YES;
				CLANG_WARN_COMMA = YES;
				CLANG_WARN_CONSTANT_CONVERSION = YES;
				CLANG_WARN_DEPRECATED_OBJC_IMPLEMENTATIONS = YES;
				CLANG_WARN_DIRECT_OBJC_ISA_USAGE = YES_ERROR;
				CLANG_WARN_DOCUMENTATION_COMMENTS = YES;
				CLANG_WARN_EMPTY_BODY = YES;
				CLANG_WARN_ENUM_CONVERSION = YES;
				CLANG_WARN_INFINITE_RECURSION = YES;
				CLANG_WARN_INT_CONVERSION = YES;
				CLANG_WARN_NON_LITERAL_NULL_CONVERSION = YES;
				CLANG_WARN_OBJC_IMPLICIT_RETAIN_SELF = YES;
				CLANG_WARN_OBJC_LITERAL_CONVERSION = YES;
				CLANG_WARN_OBJC_ROOT_CLASS = YES_ERROR;
				CLANG_WARN_QUOTED_INCLUDE_IN_FRAMEWORK_HEADER = YES;
				CLANG_WARN_RANGE_LOOP_ANALYSIS = YES;
				CLANG_WARN_STRICT_PROTOTYPES = YES;
				CLANG_WARN_SUSPICIOUS_MOVE = YES;
				CLANG_WARN_UNGUARDED_AVAILABILITY = YES_AGGRESSIVE;
				CLANG_WARN_UNREACHABLE_CODE = YES;
				CLANG_WARN__DUPLICATE_METHOD_MATCH = YES;
				COPY_PHASE_STRIP = NO;
				DEBUG_INFORMATION_FORMAT = "dwarf-with-dsym";
				ENABLE_NS_ASSERTIONS = NO;
				ENABLE_STRICT_OBJC_MSGSEND = YES;
				GCC_C_LANGUAGE_STANDARD = gnu11;
				GCC_NO_COMMON_BLOCKS = YES;
				GCC_WARN_64_TO_32_BIT_CONVERSION = YES;
				GCC_WARN_ABOUT_RETURN_TYPE = YES_ERROR;
				GCC_WARN_UNDECLARED_SELECTOR = YES;
				GCC_WARN_UNINITIALIZED_AUTOS = YES_AGGRESSIVE;
				GCC_WARN_UNUSED_FUNCTION = YES;
				GCC_WARN_UNUSED_VARIABLE = YES;
				IPHONEOS_DEPLOYMENT_TARGET = 16.2;
				MTL_ENABLE_DEBUG_INFO = NO;
				MTL_FAST_MATH = YES;
				SDKROOT = iphoneos;
				VALIDATE_PRODUCT = YES;
			};
			name = Release;
		};
		AC17DEC82A0E3191004B0DD1 /* Debug */ = {
			isa = XCBuildConfiguration;
			buildSettings = {
				CODE_SIGN_STYLE = Automatic;
				DEVELOPMENT_TEAM = BPWYRAF5X7;
				OTHER_LDFLAGS = "-ObjC";
				PRODUCT_NAME = "$(TARGET_NAME)";
				SKIP_INSTALL = YES;
				TARGETED_DEVICE_FAMILY = "1,2";
			};
			name = Debug;
		};
		AC17DEC92A0E3191004B0DD1 /* Release */ = {
			isa = XCBuildConfiguration;
			buildSettings = {
				CODE_SIGN_STYLE = Automatic;
				DEVELOPMENT_TEAM = BPWYRAF5X7;
				OTHER_LDFLAGS = "-ObjC";
				PRODUCT_NAME = "$(TARGET_NAME)";
				SKIP_INSTALL = YES;
				TARGETED_DEVICE_FAMILY = "1,2";
			};
			name = Release;
		};
/* End XCBuildConfiguration section */

/* Begin XCConfigurationList section */
		AC17DEB92A0E3191004B0DD1 /* Build configuration list for PBXProject "MoEngageSegmentReactBridge" */ = {
			isa = XCConfigurationList;
			buildConfigurations = (
				AC17DEC52A0E3191004B0DD1 /* Debug */,
				AC17DEC62A0E3191004B0DD1 /* Release */,
			);
			defaultConfigurationIsVisible = 0;
			defaultConfigurationName = Release;
		};
		AC17DEC72A0E3191004B0DD1 /* Build configuration list for PBXNativeTarget "MoEngageSegmentReactBridge" */ = {
			isa = XCConfigurationList;
			buildConfigurations = (
				AC17DEC82A0E3191004B0DD1 /* Debug */,
				AC17DEC92A0E3191004B0DD1 /* Release */,
			);
			defaultConfigurationIsVisible = 0;
			defaultConfigurationName = Release;
		};
/* End XCConfigurationList section */
	};
	rootObject = AC17DEB62A0E3191004B0DD1 /* Project object */;
}
